<?xml version="1.0" encoding="utf-8"?>
<Project ToolsVersion="4.0" xmlns="http://schemas.microsoft.com/developer/msbuild/2003">
  <ItemGroup>
    <ClCompile Include="stdafx.cpp" />
    <ClCompile Include="TestAssignPattern.cpp" />
    <ClCompile Include="TestDesignExtractor.cpp" />
    <ClCompile Include="TestInfixToPostfix.cpp" />
    <ClCompile Include="TestProgramConverter.cpp" />
    <ClCompile Include="TestProgramValidator.cpp" />
    <ClCompile Include="TestQueryEvaluator.cpp" />
    <ClCompile Include="TestQueryOptimization.cpp" />
    <ClCompile Include="TestQueryProcessor.cpp" />
    <ClCompile Include="TestQueryTable.cpp" />
    <ClCompile Include="TestQueryValidator.cpp" />
    <ClCompile Include="TestResultGrid.cpp" />
    <ClCompile Include="TestResultGridManager.cpp" />
    <ClCompile Include="TestStringTokenizer.cpp" />
    <ClCompile Include="TestSystem.cpp" />
    <ClCompile Include="Tools.cpp" />
    <ClCompile Include="TestRelationshipPopulator.cpp" />
  </ItemGroup>
  <ItemGroup>
    <ClInclude Include="stdafx.h" />
    <ClInclude Include="targetver.h" />
    <ClInclude Include="Tools.h" />
  </ItemGroup>
</Project>