<?xml version="1.0" encoding="utf-8"?>
<Project ToolsVersion="4.0" xmlns="http://schemas.microsoft.com/developer/msbuild/2003">
  <ItemGroup>
    <ClCompile Include="StringTokenizer.cpp">
      <Filter>Source Files</Filter>
    </ClCompile>
    <ClCompile Include="QueryEvaluator.cpp">
      <Filter>Source Files\QP</Filter>
    </ClCompile>
    <ClCompile Include="QueryPreprocessor.cpp">
      <Filter>Source Files\QP</Filter>
    </ClCompile>
    <ClCompile Include="QueryProcessor.cpp">
      <Filter>Source Files\QP</Filter>
    </ClCompile>
    <ClCompile Include="QueryValidator.cpp">
      <Filter>Source Files\QP</Filter>
    </ClCompile>
    <ClCompile Include="SynonymTable.cpp">
      <Filter>Source Files\QP</Filter>
    </ClCompile>
    <ClCompile Include="Frontend.cpp">
      <Filter>Source Files\PKB</Filter>
    </ClCompile>
    <ClCompile Include="RelTable.cpp">
      <Filter>Source Files\QP</Filter>
    </ClCompile>
    <ClCompile Include="RelObject.cpp">
      <Filter>Source Files\QP</Filter>
    </ClCompile>
    <ClCompile Include="ProgramValidator.cpp">
      <Filter>Source Files\PKB</Filter>
    </ClCompile>
    <ClCompile Include="DesignExtractor.cpp">
      <Filter>Source Files\PKB</Filter>
    </ClCompile>
    <ClCompile Include="Parser.cpp">
      <Filter>Source Files\PKB</Filter>
    </ClCompile>
    <ClCompile Include="ProgramConverter.cpp">
      <Filter>Source Files\PKB</Filter>
    </ClCompile>
    <ClCompile Include="Node.cpp">
      <Filter>Source Files\PKB</Filter>
    </ClCompile>
    <ClCompile Include="PKB.cpp">
      <Filter>Source Files\PKB</Filter>
    </ClCompile>
    <ClCompile Include="AssignTree.cpp">
      <Filter>Source Files\PKB</Filter>
    </ClCompile>
    <ClCompile Include="ExprTree.cpp">
      <Filter>Source Files</Filter>
    </ClCompile>
    <ClCompile Include="SelectObject.cpp">
      <Filter>Source Files\QP</Filter>
    </ClCompile>
    <ClCompile Include="SynonymObject.cpp">
      <Filter>Source Files\QP</Filter>
    </ClCompile>
    <ClCompile Include="SynonymOccurence.cpp">
      <Filter>Source Files\QP</Filter>
    </ClCompile>
    <ClCompile Include="QueryTable.cpp">
      <Filter>Source Files\QP</Filter>
    </ClCompile>
    <ClCompile Include="ResultsTable.cpp">
      <Filter>Source Files\QP</Filter>
    </ClCompile>
    <ClCompile Include="ResultsObject.cpp">
      <Filter>Source Files\QP</Filter>
    </ClCompile>
    <ClCompile Include="ClausePatternObject.cpp">
      <Filter>Source Files\QP</Filter>
    </ClCompile>
    <ClCompile Include="ClauseWithObject.cpp">
      <Filter>Source Files\QP</Filter>
    </ClCompile>
    <ClCompile Include="ClauseSuchThatArgObject.cpp">
      <Filter>Source Files\QP</Filter>
    </ClCompile>
    <ClCompile Include="ClauseSuchThatObject.cpp">
      <Filter>Source Files\QP</Filter>
    </ClCompile>
    <ClCompile Include="ClauseWithRefObject.cpp">
      <Filter>Source Files\QP</Filter>
    </ClCompile>
    <ClCompile Include="DummyPKB.cpp">
      <Filter>Source Files\QP</Filter>
    </ClCompile>
    <ClCompile Include="QueryResultProjector.cpp">
      <Filter>Source Files\QP</Filter>
    </ClCompile>
  </ItemGroup>
  <ItemGroup>
    <ClInclude Include="ClauseType.h">
      <Filter>Header Files</Filter>
    </ClInclude>
    <ClInclude Include="EntityType.h">
      <Filter>Header Files</Filter>
    </ClInclude>
    <ClInclude Include="RelationshipType.h">
      <Filter>Header Files</Filter>
    </ClInclude>
    <ClInclude Include="StringTokenizer.h">
      <Filter>Header Files</Filter>
    </ClInclude>
    <ClInclude Include="QueryValidator.h">
      <Filter>Header Files\QP</Filter>
    </ClInclude>
    <ClInclude Include="QueryProcessor.h">
      <Filter>Header Files\QP</Filter>
    </ClInclude>
    <ClInclude Include="QueryPreProcessor.h">
      <Filter>Header Files\QP</Filter>
    </ClInclude>
    <ClInclude Include="QueryEvaluator.h">
      <Filter>Header Files\QP</Filter>
    </ClInclude>
    <ClInclude Include="SynonymObject.h">
      <Filter>Header Files\QP</Filter>
    </ClInclude>
    <ClInclude Include="SynonymTable.h">
      <Filter>Header Files\QP</Filter>
    </ClInclude>
    <ClInclude Include="ProgramValidator.h">
      <Filter>Header Files\PKB</Filter>
    </ClInclude>
    <ClInclude Include="RelTable.h">
      <Filter>Header Files\QP</Filter>
    </ClInclude>
    <ClInclude Include="RelObject.h">
      <Filter>Header Files\QP</Filter>
    </ClInclude>
    <ClInclude Include="Parser.h">
      <Filter>Header Files\PKB</Filter>
    </ClInclude>
    <ClInclude Include="PKB.h">
      <Filter>Header Files\PKB</Filter>
    </ClInclude>
    <ClInclude Include="ProgramConverter.h">
      <Filter>Header Files\PKB</Filter>
    </ClInclude>
    <ClInclude Include="Node.h">
      <Filter>Header Files\PKB</Filter>
    </ClInclude>
    <ClInclude Include="AssignTree.h">
      <Filter>Header Files\PKB</Filter>
    </ClInclude>
    <ClInclude Include="ExprTree.h">
      <Filter>Header Files</Filter>
    </ClInclude>
    <ClInclude Include="SelectObject.h">
      <Filter>Header Files\QP</Filter>
    </ClInclude>
    <ClInclude Include="AttrType.h">
      <Filter>Header Files</Filter>
    </ClInclude>
    <ClInclude Include="WithRefType.h">
      <Filter>Header Files</Filter>
    </ClInclude>
    <ClInclude Include="Frontend.h">
      <Filter>Header Files\PKB</Filter>
    </ClInclude>
    <ClInclude Include="DesignExtractor.h">
      <Filter>Header Files</Filter>
    </ClInclude>
    <ClInclude Include="SynonymOccurence.h">
      <Filter>Header Files\QP</Filter>
    </ClInclude>
    <ClInclude Include="QueryTable.h">
      <Filter>Header Files\QP</Filter>
    </ClInclude>
    <ClInclude Include="Types.h">
      <Filter>Header Files</Filter>
    </ClInclude>
    <ClInclude Include="ResultsTable.h">
      <Filter>Header Files\QP</Filter>
    </ClInclude>
    <ClInclude Include="ResultsObject.h">
      <Filter>Header Files\QP</Filter>
    </ClInclude>
    <ClInclude Include="ClauseSuchThatObject.h">
      <Filter>Header Files\QP</Filter>
    </ClInclude>
    <ClInclude Include="ClausePatternObject.h">
      <Filter>Header Files\QP</Filter>
    </ClInclude>
    <ClInclude Include="ClauseWithObject.h">
      <Filter>Header Files\QP</Filter>
    </ClInclude>
    <ClInclude Include="ClauseSuchThatArgObject.h">
      <Filter>Header Files\QP</Filter>
    </ClInclude>
    <ClInclude Include="ClauseWithRefObject.h">
      <Filter>Header Files\QP</Filter>
    </ClInclude>
    <ClInclude Include="DummyPKB.h">
      <Filter>Header Files\QP</Filter>
    </ClInclude>
    <ClInclude Include="QueryResultProjector.h">
      <Filter>Header Files\QP</Filter>
    </ClInclude>
  </ItemGroup>
  <ItemGroup>
    <None Include="ClassDiagram.cd" />
  </ItemGroup>
  <ItemGroup>
    <Filter Include="Header Files">
      <UniqueIdentifier>{f3527f04-9863-4684-96b0-0f039588d519}</UniqueIdentifier>
    </Filter>
    <Filter Include="Source Files">
      <UniqueIdentifier>{4163b687-8a59-4bc7-9db4-18859aacafab}</UniqueIdentifier>
    </Filter>
    <Filter Include="Header Files\PKB">
      <UniqueIdentifier>{42dae67a-043f-416a-ab86-103c0f3b8a4c}</UniqueIdentifier>
    </Filter>
    <Filter Include="Header Files\QP">
      <UniqueIdentifier>{ffd46167-094d-46e1-9e92-701b8a5506c9}</UniqueIdentifier>
    </Filter>
    <Filter Include="Source Files\PKB">
      <UniqueIdentifier>{77313aa7-abe1-46b8-a0b9-77f23f3a50a3}</UniqueIdentifier>
    </Filter>
    <Filter Include="Source Files\QP">
      <UniqueIdentifier>{0f988552-6cdf-451f-bd8c-dc05c7894e79}</UniqueIdentifier>
    </Filter>
  </ItemGroup>
</Project>