<?xml version="1.0" encoding="utf-8"?>
<Project ToolsVersion="4.0" xmlns="http://schemas.microsoft.com/developer/msbuild/2003">
  <ItemGroup>
    <ClCompile Include="..\source\DesignExtractor.cpp" />
    <ClCompile Include="..\source\Parser.cpp" />
    <ClCompile Include="..\source\PKB.cpp" />
    <ClCompile Include="..\source\TNode.cpp" />
    <ClCompile Include="AbstractSyntaxTree.cpp" />
    <ClCompile Include="Frontend.cpp" />
    <ClCompile Include="ProgramConvertor.cpp" />
    <ClCompile Include="ProgramValidator.cpp" />
    <ClCompile Include="QueryEvaluator.cpp" />
    <ClCompile Include="QueryPreprocessor.cpp" />
    <ClCompile Include="QueryProcessor.cpp" />
    <ClCompile Include="QueryTree.cpp" />
    <ClCompile Include="QueryValidator.cpp" />
    <ClCompile Include="RefTable.cpp" />
    <ClCompile Include="RelTable.cpp" />
    <ClCompile Include="StmtTable.cpp" />
    <ClCompile Include="StringTokenizer.cpp" />
    <ClCompile Include="SynonymTable.cpp" />
    <ClCompile Include="VarTable.cpp" />
  </ItemGroup>
  <ItemGroup>
    <ClInclude Include="..\source\Parser.h" />
    <ClInclude Include="..\source\PKB.h" />
    <ClInclude Include="..\source\TNode.h" />
    <ClInclude Include="AbstractSyntaxTree.h" />
    <ClInclude Include="ClauseType.h" />
    <ClInclude Include="ProgramValidator.h" />
    <ClInclude Include="QueryEvaluator.h" />
    <ClInclude Include="QueryPreProcessor.h" />
    <ClInclude Include="QueryProcessor.h" />
    <ClInclude Include="EntityType.h" />
    <ClInclude Include="QueryTree.h" />
    <ClInclude Include="QueryValidator.h" />
    <ClInclude Include="RefTable.h" />
    <ClInclude Include="RelObject.h" />
    <ClInclude Include="RelTable.h" />
    <ClInclude Include="StmtTable.h" />
    <ClInclude Include="StringTokenizer.h" />
    <ClInclude Include="SynonymObject.h" />
    <ClInclude Include="SynonymTable.h" />
    <ClInclude Include="VarTable.h" />
    <ClInclude Include="RelationshipType.h" />
  </ItemGroup>
  <ItemGroup>
    <None Include="ClassDiagram.cd" />
  </ItemGroup>
</Project>